
Microsoft Visual Studio Solution File, Format Version 12.00
# Visual Studio Version 17
VisualStudioVersion = 17.6.33712.159
MinimumVisualStudioVersion = 10.0.40219.1
Project("{8BC9CEB8-8B4A-11D0-8D11-00A0C91BC942}") = "Appli_Vehicules", "Appli_Vehicules\Appli_Vehicules.vcxproj", "{DD42414E-E4F7-48D3-B26D-B2104E66EE0D}"
EndProject
Global
	GlobalSection(SolutionConfigurationPlatforms) = preSolution
		Debug|x64 = Debug|x64
		Debug|x86 = Debug|x86
		Release|x64 = Release|x64
		Release|x86 = Release|x86
	EndGlobalSection
	GlobalSection(ProjectConfigurationPlatforms) = postSolution
		{DD42414E-E4F7-48D3-B26D-B2104E66EE0D}.Debug|x64.ActiveCfg = Debug|x64
		{DD42414E-E4F7-48D3-B26D-B2104E66EE0D}.Debug|x64.Build.0 = Debug|x64
		{DD42414E-E4F7-48D3-B26D-B2104E66EE0D}.Debug|x86.ActiveCfg = Debug|Win32
		{DD42414E-E4F7-48D3-B26D-B2104E66EE0D}.Debug|x86.Build.0 = Debug|Win32
		{DD42414E-E4F7-48D3-B26D-B2104E66EE0D}.Release|x64.ActiveCfg = Release|x64
		{DD42414E-E4F7-48D3-B26D-B2104E66EE0D}.Release|x64.Build.0 = Release|x64
		{DD42414E-E4F7-48D3-B26D-B2104E66EE0D}.Release|x86.ActiveCfg = Release|Win32
		{DD42414E-E4F7-48D3-B26D-B2104E66EE0D}.Release|x86.Build.0 = Release|Win32
	EndGlobalSection
	GlobalSection(SolutionProperties) = preSolution
		HideSolutionNode = FALSE
	EndGlobalSection
	GlobalSection(ExtensibilityGlobals) = postSolution
		SolutionGuid = {023FC71C-86B9-4185-B89A-7D6C8EFB3CFD}
	EndGlobalSection
EndGlobal
